
Microsoft Visual Studio Solution File, Format Version 12.00
# Visual Studio 15
VisualStudioVersion = 15.0.26124.0
MinimumVisualStudioVersion = 15.0.26124.0
Project("{FAE04EC0-301F-11D3-BF4B-00C04F79EFBC}") = "ipsdotnet", "ipsdotnet\ipsdotnet.csproj", "{116F758D-E92E-4423-BC5F-BB97D04D8DC5}"
EndProject
Project("{FAE04EC0-301F-11D3-BF4B-00C04F79EFBC}") = "Datos", "Datos\Datos.csproj", "{7AA4A50B-52CB-4170-98D2-A9E42688D055}"
EndProject
Project("{FAE04EC0-301F-11D3-BF4B-00C04F79EFBC}") = "Logica", "Logica\Logica.csproj", "{6686D757-A69C-46E9-A750-C18269779F65}"
EndProject
Project("{FAE04EC0-301F-11D3-BF4B-00C04F79EFBC}") = "Entity", "Entity\Entity.csproj", "{0A9019C1-E7F8-4F9C-845B-7F8DAA30ACEE}"
EndProject
Global
	GlobalSection(SolutionConfigurationPlatforms) = preSolution
		Debug|Any CPU = Debug|Any CPU
		Debug|x64 = Debug|x64
		Debug|x86 = Debug|x86
		Release|Any CPU = Release|Any CPU
		Release|x64 = Release|x64
		Release|x86 = Release|x86
	EndGlobalSection
	GlobalSection(SolutionProperties) = preSolution
		HideSolutionNode = FALSE
	EndGlobalSection
	GlobalSection(ProjectConfigurationPlatforms) = postSolution
		{116F758D-E92E-4423-BC5F-BB97D04D8DC5}.Debug|Any CPU.ActiveCfg = Debug|Any CPU
		{116F758D-E92E-4423-BC5F-BB97D04D8DC5}.Debug|Any CPU.Build.0 = Debug|Any CPU
		{116F758D-E92E-4423-BC5F-BB97D04D8DC5}.Debug|x64.ActiveCfg = Debug|Any CPU
		{116F758D-E92E-4423-BC5F-BB97D04D8DC5}.Debug|x64.Build.0 = Debug|Any CPU
		{116F758D-E92E-4423-BC5F-BB97D04D8DC5}.Debug|x86.ActiveCfg = Debug|Any CPU
		{116F758D-E92E-4423-BC5F-BB97D04D8DC5}.Debug|x86.Build.0 = Debug|Any CPU
		{116F758D-E92E-4423-BC5F-BB97D04D8DC5}.Release|Any CPU.ActiveCfg = Release|Any CPU
		{116F758D-E92E-4423-BC5F-BB97D04D8DC5}.Release|Any CPU.Build.0 = Release|Any CPU
		{116F758D-E92E-4423-BC5F-BB97D04D8DC5}.Release|x64.ActiveCfg = Release|Any CPU
		{116F758D-E92E-4423-BC5F-BB97D04D8DC5}.Release|x64.Build.0 = Release|Any CPU
		{116F758D-E92E-4423-BC5F-BB97D04D8DC5}.Release|x86.ActiveCfg = Release|Any CPU
		{116F758D-E92E-4423-BC5F-BB97D04D8DC5}.Release|x86.Build.0 = Release|Any CPU
		{7AA4A50B-52CB-4170-98D2-A9E42688D055}.Debug|Any CPU.ActiveCfg = Debug|Any CPU
		{7AA4A50B-52CB-4170-98D2-A9E42688D055}.Debug|Any CPU.Build.0 = Debug|Any CPU
		{7AA4A50B-52CB-4170-98D2-A9E42688D055}.Debug|x64.ActiveCfg = Debug|Any CPU
		{7AA4A50B-52CB-4170-98D2-A9E42688D055}.Debug|x64.Build.0 = Debug|Any CPU
		{7AA4A50B-52CB-4170-98D2-A9E42688D055}.Debug|x86.ActiveCfg = Debug|Any CPU
		{7AA4A50B-52CB-4170-98D2-A9E42688D055}.Debug|x86.Build.0 = Debug|Any CPU
		{7AA4A50B-52CB-4170-98D2-A9E42688D055}.Release|Any CPU.ActiveCfg = Release|Any CPU
		{7AA4A50B-52CB-4170-98D2-A9E42688D055}.Release|Any CPU.Build.0 = Release|Any CPU
		{7AA4A50B-52CB-4170-98D2-A9E42688D055}.Release|x64.ActiveCfg = Release|Any CPU
		{7AA4A50B-52CB-4170-98D2-A9E42688D055}.Release|x64.Build.0 = Release|Any CPU
		{7AA4A50B-52CB-4170-98D2-A9E42688D055}.Release|x86.ActiveCfg = Release|Any CPU
		{7AA4A50B-52CB-4170-98D2-A9E42688D055}.Release|x86.Build.0 = Release|Any CPU
		{6686D757-A69C-46E9-A750-C18269779F65}.Debug|Any CPU.ActiveCfg = Debug|Any CPU
		{6686D757-A69C-46E9-A750-C18269779F65}.Debug|Any CPU.Build.0 = Debug|Any CPU
		{6686D757-A69C-46E9-A750-C18269779F65}.Debug|x64.ActiveCfg = Debug|Any CPU
		{6686D757-A69C-46E9-A750-C18269779F65}.Debug|x64.Build.0 = Debug|Any CPU
		{6686D757-A69C-46E9-A750-C18269779F65}.Debug|x86.ActiveCfg = Debug|Any CPU
		{6686D757-A69C-46E9-A750-C18269779F65}.Debug|x86.Build.0 = Debug|Any CPU
		{6686D757-A69C-46E9-A750-C18269779F65}.Release|Any CPU.ActiveCfg = Release|Any CPU
		{6686D757-A69C-46E9-A750-C18269779F65}.Release|Any CPU.Build.0 = Release|Any CPU
		{6686D757-A69C-46E9-A750-C18269779F65}.Release|x64.ActiveCfg = Release|Any CPU
		{6686D757-A69C-46E9-A750-C18269779F65}.Release|x64.Build.0 = Release|Any CPU
		{6686D757-A69C-46E9-A750-C18269779F65}.Release|x86.ActiveCfg = Release|Any CPU
		{6686D757-A69C-46E9-A750-C18269779F65}.Release|x86.Build.0 = Release|Any CPU
		{0A9019C1-E7F8-4F9C-845B-7F8DAA30ACEE}.Debug|Any CPU.ActiveCfg = Debug|Any CPU
		{0A9019C1-E7F8-4F9C-845B-7F8DAA30ACEE}.Debug|Any CPU.Build.0 = Debug|Any CPU
		{0A9019C1-E7F8-4F9C-845B-7F8DAA30ACEE}.Debug|x64.ActiveCfg = Debug|Any CPU
		{0A9019C1-E7F8-4F9C-845B-7F8DAA30ACEE}.Debug|x64.Build.0 = Debug|Any CPU
		{0A9019C1-E7F8-4F9C-845B-7F8DAA30ACEE}.Debug|x86.ActiveCfg = Debug|Any CPU
		{0A9019C1-E7F8-4F9C-845B-7F8DAA30ACEE}.Debug|x86.Build.0 = Debug|Any CPU
		{0A9019C1-E7F8-4F9C-845B-7F8DAA30ACEE}.Release|Any CPU.ActiveCfg = Release|Any CPU
		{0A9019C1-E7F8-4F9C-845B-7F8DAA30ACEE}.Release|Any CPU.Build.0 = Release|Any CPU
		{0A9019C1-E7F8-4F9C-845B-7F8DAA30ACEE}.Release|x64.ActiveCfg = Release|Any CPU
		{0A9019C1-E7F8-4F9C-845B-7F8DAA30ACEE}.Release|x64.Build.0 = Release|Any CPU
		{0A9019C1-E7F8-4F9C-845B-7F8DAA30ACEE}.Release|x86.ActiveCfg = Release|Any CPU
		{0A9019C1-E7F8-4F9C-845B-7F8DAA30ACEE}.Release|x86.Build.0 = Release|Any CPU
	EndGlobalSection
EndGlobal
